
Microsoft Visual Studio Solution File, Format Version 12.00
# Visual Studio Version 17
VisualStudioVersion = 17.5.002.0
MinimumVisualStudioVersion = 10.0.40219.1
Project("{9A19103F-16F7-4668-BE54-9A1E7A4F7556}") = "FormsApp", "FormsApp.csproj", "{1867386B-3055-42AE-89F1-9B16F519AD81}"
EndProject
Global
	GlobalSection(SolutionConfigurationPlatforms) = preSolution
		Debug|Any CPU = Debug|Any CPU
		Release|Any CPU = Release|Any CPU
	EndGlobalSection
	GlobalSection(ProjectConfigurationPlatforms) = postSolution
		{1867386B-3055-42AE-89F1-9B16F519AD81}.Debug|Any CPU.ActiveCfg = Debug|Any CPU
		{1867386B-3055-42AE-89F1-9B16F519AD81}.Debug|Any CPU.Build.0 = Debug|Any CPU
		{1867386B-3055-42AE-89F1-9B16F519AD81}.Release|Any CPU.ActiveCfg = Release|Any CPU
		{1867386B-3055-42AE-89F1-9B16F519AD81}.Release|Any CPU.Build.0 = Release|Any CPU
	EndGlobalSection
	GlobalSection(SolutionProperties) = preSolution
		HideSolutionNode = FALSE
	EndGlobalSection
	GlobalSection(ExtensibilityGlobals) = postSolution
		SolutionGuid = {0790BAE7-A3AF-46F5-B247-275ED13B9F5C}
	EndGlobalSection
EndGlobal
